{
  "requires": true,
  "lockfileVersion": 1,
  "dependencies": {
    "cordova-plugin-background-mode": {
      "version": "git+https://github.com/katzer/cordova-plugin-background-mode.git#0a6bf35cb9f2bfcb8a0a79767b57158e17a32f13",
      "from": "git+https://github.com/katzer/cordova-plugin-background-mode.git"
    },
    "cordova-plugin-insomnia": {
      "version": "git+https://github.com/EddyVerbruggen/Insomnia-PhoneGap-Plugin.git#f83de3ac8ff1bd9ce48652091e8d183c6dcb9e06",
      "from": "git+https://github.com/EddyVerbruggen/Insomnia-PhoneGap-Plugin.git"
    }
  }
}
