{
  "requires": true,
  "lockfileVersion": 1,
  "dependencies": {
    "cordova-plugin-local-notification": {
      "version": "git+https://github.com/katzer/cordova-plugin-local-notifications.git#caff55ec758fdf298029ae98aff7f6a8a097feac",
      "from": "git+https://github.com/katzer/cordova-plugin-local-notifications.git"
    }
  }
}
